<?xml version="1.0" encoding="utf-8"?>
<Project ToolsVersion="4.0" xmlns="http://schemas.microsoft.com/developer/msbuild/2003">
  <ItemGroup>
    <ClCompile Include="src\Billboard.cpp">
      <Filter>src</Filter>
    </ClCompile>
    <ClCompile Include="src\Camera.cpp">
      <Filter>src</Filter>
    </ClCompile>
    <ClCompile Include="src\CloudModel2D.cpp">
      <Filter>src</Filter>
    </ClCompile>
    <ClCompile Include="src\Geodesicsphere.cpp">
      <Filter>src</Filter>
    </ClCompile>
    <ClCompile Include="src\Geometries.cpp">
      <Filter>src</Filter>
    </ClCompile>
    <ClCompile Include="src\GuiRenderer.cpp">
      <Filter>src</Filter>
    </ClCompile>
    <ClCompile Include="src\GuiTexture.cpp">
      <Filter>src</Filter>
    </ClCompile>
    <ClCompile Include="src\main.cpp">
      <Filter>src</Filter>
    </ClCompile>
    <ClCompile Include="src\Mesh.cpp">
      <Filter>src</Filter>
    </ClCompile>
    <ClCompile Include="src\Shader.cpp">
      <Filter>src</Filter>
    </ClCompile>
    <ClCompile Include="src\Skybox.cpp">
      <Filter>src</Filter>
    </ClCompile>
    <ClCompile Include="src\SkyClouds.cpp">
      <Filter>src</Filter>
    </ClCompile>
    <ClCompile Include="src\Utilities.cpp">
      <Filter>src</Filter>
    </ClCompile>
    <ClCompile Include="src\glad.c">
      <Filter>src</Filter>
    </ClCompile>
  </ItemGroup>
  <ItemGroup>
    <ClInclude Include="include\Billboard.h">
      <Filter>include</Filter>
    </ClInclude>
    <ClInclude Include="include\Camera.h">
      <Filter>include</Filter>
    </ClInclude>
    <ClInclude Include="include\CloudModel2D.h">
      <Filter>include</Filter>
    </ClInclude>
    <ClInclude Include="include\Geodesicsphere.h">
      <Filter>include</Filter>
    </ClInclude>
    <ClInclude Include="include\Geometries.h">
      <Filter>include</Filter>
    </ClInclude>
    <ClInclude Include="include\GuiRenderer.h">
      <Filter>include</Filter>
    </ClInclude>
    <ClInclude Include="include\GuiTexture.h">
      <Filter>include</Filter>
    </ClInclude>
    <ClInclude Include="include\Header.h">
      <Filter>include</Filter>
    </ClInclude>
    <ClInclude Include="include\Mesh.h">
      <Filter>include</Filter>
    </ClInclude>
    <ClInclude Include="include\Shader.h">
      <Filter>include</Filter>
    </ClInclude>
    <ClInclude Include="include\Skybox.h">
      <Filter>include</Filter>
    </ClInclude>
    <ClInclude Include="include\SkyClouds.h">
      <Filter>include</Filter>
    </ClInclude>
    <ClInclude Include="include\Utilities.h">
      <Filter>include</Filter>
    </ClInclude>
  </ItemGroup>
  <ItemGroup>
    <None Include="shaders\clouds.frag">
      <Filter>shaders</Filter>
    </None>
    <None Include="shaders\clouds.vertex">
      <Filter>shaders</Filter>
    </None>
    <None Include="shaders\guiTexture.frag">
      <Filter>shaders</Filter>
    </None>
    <None Include="shaders\guiTexture.vertex">
      <Filter>shaders</Filter>
    </None>
    <None Include="shaders\shader.frag">
      <Filter>shaders</Filter>
    </None>
    <None Include="shaders\shader.vertex">
      <Filter>shaders</Filter>
    </None>
    <None Include="shaders\shaderBillboard.frag">
      <Filter>shaders</Filter>
    </None>
    <None Include="shaders\shaderBillboard.vertex">
      <Filter>shaders</Filter>
    </None>
    <None Include="shaders\shaderCloudModel.frag">
      <Filter>shaders</Filter>
    </None>
    <None Include="shaders\shaderCloudModel.vertex">
      <Filter>shaders</Filter>
    </None>
    <None Include="shaders\shaderIcosahedron.frag">
      <Filter>shaders</Filter>
    </None>
    <None Include="shaders\shaderIcosahedron.vertex">
      <Filter>shaders</Filter>
    </None>
    <None Include="shaders\shaderPlane.frag">
      <Filter>shaders</Filter>
    </None>
    <None Include="shaders\shaderPlane.vertex">
      <Filter>shaders</Filter>
    </None>
    <None Include="shaders\shaderRectangle.frag">
      <Filter>shaders</Filter>
    </None>
    <None Include="shaders\shaderRectangle.vertex">
      <Filter>shaders</Filter>
    </None>
    <None Include="shaders\shaderSky.frag">
      <Filter>shaders</Filter>
    </None>
    <None Include="shaders\shaderSky.vertex">
      <Filter>shaders</Filter>
    </None>
    <None Include="shaders\shaderSkyAdv.frag">
      <Filter>shaders</Filter>
    </None>
    <None Include="shaders\shaderSkyAdv.vertex">
      <Filter>shaders</Filter>
    </None>
    <None Include="shaders\shaderSkybox.frag">
      <Filter>shaders</Filter>
    </None>
    <None Include="shaders\shaderSkybox.vertex">
      <Filter>shaders</Filter>
    </None>
  </ItemGroup>
  <ItemGroup>
    <Filter Include="include">
      <UniqueIdentifier>{46e4b5cc-76a6-4d66-a2cb-414ea96644eb}</UniqueIdentifier>
    </Filter>
    <Filter Include="src">
      <UniqueIdentifier>{5f4e9b8c-2d30-4a57-8da9-409342806f01}</UniqueIdentifier>
    </Filter>
    <Filter Include="shaders">
      <UniqueIdentifier>{3cdd46f8-28b9-47c3-9397-cc43510f614b}</UniqueIdentifier>
    </Filter>
  </ItemGroup>
</Project>